
Microsoft Visual Studio Solution File, Format Version 12.00
# Visual Studio 15
VisualStudioVersion = 15.0.27130.2003
MinimumVisualStudioVersion = 10.0.40219.1
Project("{FAE04EC0-301F-11D3-BF4B-00C04F79EFBC}") = "Projekt_RP3", "Projekt_RP3\Projekt_RP3.csproj", "{4162F007-3501-43E4-BFA9-FB360044A94B}"
EndProject
Global
	GlobalSection(SolutionConfigurationPlatforms) = preSolution
		Debug|Any CPU = Debug|Any CPU
		Release|Any CPU = Release|Any CPU
	EndGlobalSection
	GlobalSection(ProjectConfigurationPlatforms) = postSolution
		{4162F007-3501-43E4-BFA9-FB360044A94B}.Debug|Any CPU.ActiveCfg = Debug|Any CPU
		{4162F007-3501-43E4-BFA9-FB360044A94B}.Debug|Any CPU.Build.0 = Debug|Any CPU
		{4162F007-3501-43E4-BFA9-FB360044A94B}.Release|Any CPU.ActiveCfg = Release|Any CPU
		{4162F007-3501-43E4-BFA9-FB360044A94B}.Release|Any CPU.Build.0 = Release|Any CPU
	EndGlobalSection
	GlobalSection(SolutionProperties) = preSolution
		HideSolutionNode = FALSE
	EndGlobalSection
	GlobalSection(ExtensibilityGlobals) = postSolution
		SolutionGuid = {5E44D402-1CC1-415C-A484-CD593F7B46E7}
	EndGlobalSection
EndGlobal
